
Microsoft Visual Studio Solution File, Format Version 12.00
Project("{FAE04EC0-301F-11D3-BF4B-00C04F79EFBC}") = "APBD_3", "APBD_3\APBD_3.csproj", "{EDCEBF90-8D69-4616-BC76-428F1DD13C4C}"
EndProject
Global
	GlobalSection(SolutionConfigurationPlatforms) = preSolution
		Debug|Any CPU = Debug|Any CPU
		Release|Any CPU = Release|Any CPU
	EndGlobalSection
	GlobalSection(ProjectConfigurationPlatforms) = postSolution
		{EDCEBF90-8D69-4616-BC76-428F1DD13C4C}.Debug|Any CPU.ActiveCfg = Debug|Any CPU
		{EDCEBF90-8D69-4616-BC76-428F1DD13C4C}.Debug|Any CPU.Build.0 = Debug|Any CPU
		{EDCEBF90-8D69-4616-BC76-428F1DD13C4C}.Release|Any CPU.ActiveCfg = Release|Any CPU
		{EDCEBF90-8D69-4616-BC76-428F1DD13C4C}.Release|Any CPU.Build.0 = Release|Any CPU
	EndGlobalSection
EndGlobal
